
Microsoft Visual Studio Solution File, Format Version 12.00
# Visual Studio Version 17
VisualStudioVersion = 17.8.34316.72
MinimumVisualStudioVersion = 10.0.40219.1
Project("{9A19103F-16F7-4668-BE54-9A1E7A4F7556}") = "uSync.Triggers", "uSync.Triggers\uSync.Triggers.csproj", "{49E7A878-626D-4C36-8D29-185EA93E38D1}"
EndProject
Project("{9A19103F-16F7-4668-BE54-9A1E7A4F7556}") = "uSyncTriggerCLI", "uSyncTriggerCLI\uSyncTriggerCLI.csproj", "{A44BD27F-E2FD-4E7F-B14C-72D9F64EBF54}"
EndProject
Project("{FAE04EC0-301F-11D3-BF4B-00C04F79EFBC}") = "uSyncTrigger.Site", "uSyncTrigger.Site\uSyncTrigger.Site.csproj", "{9CF2B449-C845-4A27-8DCB-3CEC4193B9D5}"
EndProject
Project("{2150E333-8FDC-42A3-9474-1A3956D46DE8}") = "Solution", "Solution", "{82DAF3EC-4C29-4748-AE11-958BAC9DF243}"
	ProjectSection(SolutionItems) = preProject
		LICENSE = LICENSE
	EndProjectSection
EndProject
Global
	GlobalSection(SolutionConfigurationPlatforms) = preSolution
		Debug|Any CPU = Debug|Any CPU
		Release|Any CPU = Release|Any CPU
	EndGlobalSection
	GlobalSection(ProjectConfigurationPlatforms) = postSolution
		{49E7A878-626D-4C36-8D29-185EA93E38D1}.Debug|Any CPU.ActiveCfg = Debug|Any CPU
		{49E7A878-626D-4C36-8D29-185EA93E38D1}.Debug|Any CPU.Build.0 = Debug|Any CPU
		{49E7A878-626D-4C36-8D29-185EA93E38D1}.Release|Any CPU.ActiveCfg = Release|Any CPU
		{49E7A878-626D-4C36-8D29-185EA93E38D1}.Release|Any CPU.Build.0 = Release|Any CPU
		{A44BD27F-E2FD-4E7F-B14C-72D9F64EBF54}.Debug|Any CPU.ActiveCfg = Debug|Any CPU
		{A44BD27F-E2FD-4E7F-B14C-72D9F64EBF54}.Debug|Any CPU.Build.0 = Debug|Any CPU
		{A44BD27F-E2FD-4E7F-B14C-72D9F64EBF54}.Release|Any CPU.ActiveCfg = Release|Any CPU
		{A44BD27F-E2FD-4E7F-B14C-72D9F64EBF54}.Release|Any CPU.Build.0 = Release|Any CPU
		{9CF2B449-C845-4A27-8DCB-3CEC4193B9D5}.Debug|Any CPU.ActiveCfg = Debug|Any CPU
		{9CF2B449-C845-4A27-8DCB-3CEC4193B9D5}.Debug|Any CPU.Build.0 = Debug|Any CPU
		{9CF2B449-C845-4A27-8DCB-3CEC4193B9D5}.Release|Any CPU.ActiveCfg = Release|Any CPU
		{9CF2B449-C845-4A27-8DCB-3CEC4193B9D5}.Release|Any CPU.Build.0 = Release|Any CPU
	EndGlobalSection
	GlobalSection(SolutionProperties) = preSolution
		HideSolutionNode = FALSE
	EndGlobalSection
	GlobalSection(ExtensibilityGlobals) = postSolution
		SolutionGuid = {56C3DFD8-5668-402E-9278-81BE9798B401}
	EndGlobalSection
EndGlobal
